
Microsoft Visual Studio Solution File, Format Version 12.00
# Visual Studio Version 17
VisualStudioVersion = 17.3.32929.385
MinimumVisualStudioVersion = 10.0.40219.1
Project("{FAE04EC0-301F-11D3-BF4B-00C04F79EFBC}") = "BookReservationSystemAPI", "BookReservationSystemAPI\BookReservationSystemAPI.csproj", "{A1A8210C-29B6-4F48-A0CC-7D65080CEF6B}"
EndProject
Global
	GlobalSection(SolutionConfigurationPlatforms) = preSolution
		Debug|Any CPU = Debug|Any CPU
		Release|Any CPU = Release|Any CPU
	EndGlobalSection
	GlobalSection(ProjectConfigurationPlatforms) = postSolution
		{A1A8210C-29B6-4F48-A0CC-7D65080CEF6B}.Debug|Any CPU.ActiveCfg = Debug|Any CPU
		{A1A8210C-29B6-4F48-A0CC-7D65080CEF6B}.Debug|Any CPU.Build.0 = Debug|Any CPU
		{A1A8210C-29B6-4F48-A0CC-7D65080CEF6B}.Release|Any CPU.ActiveCfg = Release|Any CPU
		{A1A8210C-29B6-4F48-A0CC-7D65080CEF6B}.Release|Any CPU.Build.0 = Release|Any CPU
	EndGlobalSection
	GlobalSection(SolutionProperties) = preSolution
		HideSolutionNode = FALSE
	EndGlobalSection
	GlobalSection(ExtensibilityGlobals) = postSolution
		SolutionGuid = {FDFF187F-EEFD-4EF1-8700-5F77A8D0BACD}
	EndGlobalSection
EndGlobal
